// !$*UTF8*$!
{
	archiveVersion = 1;
	classes = {
	};
	objectVersion = 56;
	objects = {

/* Begin PBXBuildFile section */
		5D0811442A8BC755005D5821 /* FeedScreenState.swift in Sources */ = {isa = PBXBuildFile; fileRef = 5D0811432A8BC755005D5821 /* FeedScreenState.swift */; };
		5D1B95662A7F2BFA00AA63ED /* AddFeedViewController.xib in Resources */ = {isa = PBXBuildFile; fileRef = 5D1B95652A7F2BFA00AA63ED /* AddFeedViewController.xib */; };
		5D1B95682A7F2C0100AA63ED /* AddFeedViewController.swift in Sources */ = {isa = PBXBuildFile; fileRef = 5D1B95672A7F2C0100AA63ED /* AddFeedViewController.swift */; };
		5D30D53A2A6E158E0003DA1F /* Feed.swift in Sources */ = {isa = PBXBuildFile; fileRef = 5D30D5392A6E158E0003DA1F /* Feed.swift */; };
		5D30D53E2A6E167C0003DA1F /* FeedService.swift in Sources */ = {isa = PBXBuildFile; fileRef = 5D30D53D2A6E167C0003DA1F /* FeedService.swift */; };
		5D368EDE2A8856F40068E6F3 /* FeedsListViewController.xib in Resources */ = {isa = PBXBuildFile; fileRef = 5D368EDD2A8856F40068E6F3 /* FeedsListViewController.xib */; };
		5D418FE82A8926D40000B658 /* TrashIconTableViewCell.swift in Sources */ = {isa = PBXBuildFile; fileRef = 5D418FE62A8926D40000B658 /* TrashIconTableViewCell.swift */; };
		5D418FE92A8926D40000B658 /* TrashIconTableViewCell.xib in Resources */ = {isa = PBXBuildFile; fileRef = 5D418FE72A8926D40000B658 /* TrashIconTableViewCell.xib */; };
		5D4C15AD2A885C5C00FA1565 /* FeedsListViewModel.swift in Sources */ = {isa = PBXBuildFile; fileRef = 5D4C15AC2A885C5C00FA1565 /* FeedsListViewModel.swift */; };
		5D58835B2A885D7C008DD2EE /* FeedsListTableViewCell.swift in Sources */ = {isa = PBXBuildFile; fileRef = 5D5883592A885D7B008DD2EE /* FeedsListTableViewCell.swift */; };
		5D58835C2A885D7C008DD2EE /* FeedsListTableViewCell.xib in Resources */ = {isa = PBXBuildFile; fileRef = 5D58835A2A885D7B008DD2EE /* FeedsListTableViewCell.xib */; };
		5D5AE97D2A870C1F00A8FD96 /* FeedURLDatabase.swift in Sources */ = {isa = PBXBuildFile; fileRef = 5D84B65C2A7943220019266D /* FeedURLDatabase.swift */; };
		5D5C83E12A86F10400BB197D /* FeedURLDatabaseTest.swift in Sources */ = {isa = PBXBuildFile; fileRef = 5D5C83E02A86F10400BB197D /* FeedURLDatabaseTest.swift */; };
		5D5F13FE2A88909C000F39AB /* AddFeedViewModel.swift in Sources */ = {isa = PBXBuildFile; fileRef = 5D5F13FD2A88909B000F39AB /* AddFeedViewModel.swift */; };
		5D5F40882A8852C400F84327 /* FeedViewModel.swift in Sources */ = {isa = PBXBuildFile; fileRef = 5D5F40872A8852C400F84327 /* FeedViewModel.swift */; };
		5D84B6482A78363C0019266D /* AddFeedCollectionViewCell.xib in Resources */ = {isa = PBXBuildFile; fileRef = 5D84B6472A78363C0019266D /* AddFeedCollectionViewCell.xib */; };
		5D84B64A2A7836910019266D /* AddFeedCollectionViewCell.swift in Sources */ = {isa = PBXBuildFile; fileRef = 5D84B6492A7836910019266D /* AddFeedCollectionViewCell.swift */; };
		5D84B64C2A7839240019266D /* FeedCollectionViewCell.xib in Resources */ = {isa = PBXBuildFile; fileRef = 5D84B64B2A7839240019266D /* FeedCollectionViewCell.xib */; };
		5D84B64E2A78392F0019266D /* FeedCollectionViewCell.swift in Sources */ = {isa = PBXBuildFile; fileRef = 5D84B64D2A78392F0019266D /* FeedCollectionViewCell.swift */; };
		5D84B65D2A7943220019266D /* FeedURLDatabase.swift in Sources */ = {isa = PBXBuildFile; fileRef = 5D84B65C2A7943220019266D /* FeedURLDatabase.swift */; };
		5D8F738B2A573B4F00CF541C /* FeedEntryInfoTableViewCell.xib in Resources */ = {isa = PBXBuildFile; fileRef = 5D8F738A2A573B4F00CF541C /* FeedEntryInfoTableViewCell.xib */; };
		5D8F738D2A573BA600CF541C /* FeedEntryInfoTableViewCell.swift in Sources */ = {isa = PBXBuildFile; fileRef = 5D8F738C2A573BA600CF541C /* FeedEntryInfoTableViewCell.swift */; };
		5D992EC12A3D39250007EC2C /* AppDelegate.swift in Sources */ = {isa = PBXBuildFile; fileRef = 5D992EC02A3D39250007EC2C /* AppDelegate.swift */; };
		5D992EC32A3D39250007EC2C /* SceneDelegate.swift in Sources */ = {isa = PBXBuildFile; fileRef = 5D992EC22A3D39250007EC2C /* SceneDelegate.swift */; };
		5D992EC52A3D39250007EC2C /* FeedViewController.swift in Sources */ = {isa = PBXBuildFile; fileRef = 5D992EC42A3D39250007EC2C /* FeedViewController.swift */; };
		5D992ECA2A3D39260007EC2C /* Assets.xcassets in Resources */ = {isa = PBXBuildFile; fileRef = 5D992EC92A3D39260007EC2C /* Assets.xcassets */; };
		5D992ECD2A3D39260007EC2C /* LaunchScreen.storyboard in Resources */ = {isa = PBXBuildFile; fileRef = 5D992ECB2A3D39260007EC2C /* LaunchScreen.storyboard */; };
		5D992ED52A3D398D0007EC2C /* FeedViewController.xib in Resources */ = {isa = PBXBuildFile; fileRef = 5D992ED42A3D398D0007EC2C /* FeedViewController.xib */; };
		5D9B405B2A8856BB00F9724A /* FeedsListViewController.swift in Sources */ = {isa = PBXBuildFile; fileRef = 5D9B405A2A8856BB00F9724A /* FeedsListViewController.swift */; };
		5D9C335D2A72C47F00CDFFD5 /* Parser.swift in Sources */ = {isa = PBXBuildFile; fileRef = 5D9C335C2A72C47F00CDFFD5 /* Parser.swift */; };
		5DD8603C2A8BBBBD005AF3FB /* Constants.swift in Sources */ = {isa = PBXBuildFile; fileRef = 5DD8603B2A8BBBBD005AF3FB /* Constants.swift */; };
/* End PBXBuildFile section */

/* Begin PBXContainerItemProxy section */
		5DF8527D2A86F0A500760527 /* PBXContainerItemProxy */ = {
			isa = PBXContainerItemProxy;
			containerPortal = 5D992EB52A3D39250007EC2C /* Project object */;
			proxyType = 1;
			remoteGlobalIDString = 5D992EBC2A3D39250007EC2C;
			remoteInfo = "rss-reader";
		};
/* End PBXContainerItemProxy section */

/* Begin PBXFileReference section */
		5D0811432A8BC755005D5821 /* FeedScreenState.swift */ = {isa = PBXFileReference; fileEncoding = 4; lastKnownFileType = sourcecode.swift; path = FeedScreenState.swift; sourceTree = "<group>"; };
		5D1B95652A7F2BFA00AA63ED /* AddFeedViewController.xib */ = {isa = PBXFileReference; lastKnownFileType = file.xib; path = AddFeedViewController.xib; sourceTree = "<group>"; };
		5D1B95672A7F2C0100AA63ED /* AddFeedViewController.swift */ = {isa = PBXFileReference; lastKnownFileType = sourcecode.swift; path = AddFeedViewController.swift; sourceTree = "<group>"; };
		5D30D5392A6E158E0003DA1F /* Feed.swift */ = {isa = PBXFileReference; lastKnownFileType = sourcecode.swift; path = Feed.swift; sourceTree = "<group>"; };
		5D30D53D2A6E167C0003DA1F /* FeedService.swift */ = {isa = PBXFileReference; lastKnownFileType = sourcecode.swift; path = FeedService.swift; sourceTree = "<group>"; };
		5D368EDD2A8856F40068E6F3 /* FeedsListViewController.xib */ = {isa = PBXFileReference; fileEncoding = 4; lastKnownFileType = file.xib; path = FeedsListViewController.xib; sourceTree = "<group>"; };
		5D418FE62A8926D40000B658 /* TrashIconTableViewCell.swift */ = {isa = PBXFileReference; fileEncoding = 4; lastKnownFileType = sourcecode.swift; path = TrashIconTableViewCell.swift; sourceTree = "<group>"; };
		5D418FE72A8926D40000B658 /* TrashIconTableViewCell.xib */ = {isa = PBXFileReference; fileEncoding = 4; lastKnownFileType = file.xib; path = TrashIconTableViewCell.xib; sourceTree = "<group>"; };
		5D4C15AC2A885C5C00FA1565 /* FeedsListViewModel.swift */ = {isa = PBXFileReference; fileEncoding = 4; lastKnownFileType = sourcecode.swift; path = FeedsListViewModel.swift; sourceTree = "<group>"; };
		5D5883592A885D7B008DD2EE /* FeedsListTableViewCell.swift */ = {isa = PBXFileReference; fileEncoding = 4; lastKnownFileType = sourcecode.swift; path = FeedsListTableViewCell.swift; sourceTree = "<group>"; };
		5D58835A2A885D7B008DD2EE /* FeedsListTableViewCell.xib */ = {isa = PBXFileReference; fileEncoding = 4; lastKnownFileType = file.xib; path = FeedsListTableViewCell.xib; sourceTree = "<group>"; };
		5D5C83E02A86F10400BB197D /* FeedURLDatabaseTest.swift */ = {isa = PBXFileReference; lastKnownFileType = sourcecode.swift; path = FeedURLDatabaseTest.swift; sourceTree = "<group>"; };
		5D5F13FD2A88909B000F39AB /* AddFeedViewModel.swift */ = {isa = PBXFileReference; fileEncoding = 4; lastKnownFileType = sourcecode.swift; path = AddFeedViewModel.swift; sourceTree = "<group>"; };
		5D5F40872A8852C400F84327 /* FeedViewModel.swift */ = {isa = PBXFileReference; fileEncoding = 4; lastKnownFileType = sourcecode.swift; path = FeedViewModel.swift; sourceTree = "<group>"; };
		5D84B6472A78363C0019266D /* AddFeedCollectionViewCell.xib */ = {isa = PBXFileReference; lastKnownFileType = file.xib; path = AddFeedCollectionViewCell.xib; sourceTree = "<group>"; };
		5D84B6492A7836910019266D /* AddFeedCollectionViewCell.swift */ = {isa = PBXFileReference; lastKnownFileType = sourcecode.swift; path = AddFeedCollectionViewCell.swift; sourceTree = "<group>"; };
		5D84B64B2A7839240019266D /* FeedCollectionViewCell.xib */ = {isa = PBXFileReference; lastKnownFileType = file.xib; path = FeedCollectionViewCell.xib; sourceTree = "<group>"; };
		5D84B64D2A78392F0019266D /* FeedCollectionViewCell.swift */ = {isa = PBXFileReference; lastKnownFileType = sourcecode.swift; path = FeedCollectionViewCell.swift; sourceTree = "<group>"; };
		5D84B65C2A7943220019266D /* FeedURLDatabase.swift */ = {isa = PBXFileReference; lastKnownFileType = sourcecode.swift; path = FeedURLDatabase.swift; sourceTree = "<group>"; };
		5D8F738A2A573B4F00CF541C /* FeedEntryInfoTableViewCell.xib */ = {isa = PBXFileReference; lastKnownFileType = file.xib; path = FeedEntryInfoTableViewCell.xib; sourceTree = "<group>"; };
		5D8F738C2A573BA600CF541C /* FeedEntryInfoTableViewCell.swift */ = {isa = PBXFileReference; lastKnownFileType = sourcecode.swift; path = FeedEntryInfoTableViewCell.swift; sourceTree = "<group>"; };
		5D992EBD2A3D39250007EC2C /* rss-reader.app */ = {isa = PBXFileReference; explicitFileType = wrapper.application; includeInIndex = 0; path = "rss-reader.app"; sourceTree = BUILT_PRODUCTS_DIR; };
		5D992EC02A3D39250007EC2C /* AppDelegate.swift */ = {isa = PBXFileReference; lastKnownFileType = sourcecode.swift; path = AppDelegate.swift; sourceTree = "<group>"; };
		5D992EC22A3D39250007EC2C /* SceneDelegate.swift */ = {isa = PBXFileReference; lastKnownFileType = sourcecode.swift; path = SceneDelegate.swift; sourceTree = "<group>"; };
		5D992EC42A3D39250007EC2C /* FeedViewController.swift */ = {isa = PBXFileReference; lastKnownFileType = sourcecode.swift; path = FeedViewController.swift; sourceTree = "<group>"; };
		5D992EC92A3D39260007EC2C /* Assets.xcassets */ = {isa = PBXFileReference; lastKnownFileType = folder.assetcatalog; path = Assets.xcassets; sourceTree = "<group>"; };
		5D992ECC2A3D39260007EC2C /* Base */ = {isa = PBXFileReference; lastKnownFileType = file.storyboard; name = Base; path = Base.lproj/LaunchScreen.storyboard; sourceTree = "<group>"; };
		5D992ECE2A3D39260007EC2C /* Info.plist */ = {isa = PBXFileReference; lastKnownFileType = text.plist.xml; path = Info.plist; sourceTree = "<group>"; };
		5D992ED42A3D398D0007EC2C /* FeedViewController.xib */ = {isa = PBXFileReference; lastKnownFileType = file.xib; path = FeedViewController.xib; sourceTree = "<group>"; };
		5D9B405A2A8856BB00F9724A /* FeedsListViewController.swift */ = {isa = PBXFileReference; fileEncoding = 4; lastKnownFileType = sourcecode.swift; path = FeedsListViewController.swift; sourceTree = "<group>"; };
		5D9C335C2A72C47F00CDFFD5 /* Parser.swift */ = {isa = PBXFileReference; lastKnownFileType = sourcecode.swift; path = Parser.swift; sourceTree = "<group>"; };
		5DD8603B2A8BBBBD005AF3FB /* Constants.swift */ = {isa = PBXFileReference; fileEncoding = 4; lastKnownFileType = sourcecode.swift; path = Constants.swift; sourceTree = "<group>"; };
		5DF852792A86F0A500760527 /* rss-reader-tests.xctest */ = {isa = PBXFileReference; explicitFileType = wrapper.cfbundle; includeInIndex = 0; path = "rss-reader-tests.xctest"; sourceTree = BUILT_PRODUCTS_DIR; };
/* End PBXFileReference section */

/* Begin PBXFrameworksBuildPhase section */
		5D992EBA2A3D39250007EC2C /* Frameworks */ = {
			isa = PBXFrameworksBuildPhase;
			buildActionMask = 2147483647;
			files = (
			);
			runOnlyForDeploymentPostprocessing = 0;
		};
		5DF852762A86F0A500760527 /* Frameworks */ = {
			isa = PBXFrameworksBuildPhase;
			buildActionMask = 2147483647;
			files = (
			);
			runOnlyForDeploymentPostprocessing = 0;
		};
/* End PBXFrameworksBuildPhase section */

/* Begin PBXGroup section */
		5D1B95632A7CEAF400AA63ED /* FeedCells */ = {
			isa = PBXGroup;
			children = (
				5D5883592A885D7B008DD2EE /* FeedsListTableViewCell.swift */,
				5D58835A2A885D7B008DD2EE /* FeedsListTableViewCell.xib */,
				5D58835D2A888D0E008DD2EE /* FeedsListCollection */,
				5D418FE62A8926D40000B658 /* TrashIconTableViewCell.swift */,
				5D418FE72A8926D40000B658 /* TrashIconTableViewCell.xib */,
				5D8F738C2A573BA600CF541C /* FeedEntryInfoTableViewCell.swift */,
				5D8F738A2A573B4F00CF541C /* FeedEntryInfoTableViewCell.xib */,
			);
			path = FeedCells;
			sourceTree = "<group>";
		};
		5D1B95642A7CEB0800AA63ED /* FeedsListCells */ = {
			isa = PBXGroup;
			children = (
				5D84B6492A7836910019266D /* AddFeedCollectionViewCell.swift */,
				5D84B6472A78363C0019266D /* AddFeedCollectionViewCell.xib */,
				5D84B64D2A78392F0019266D /* FeedCollectionViewCell.swift */,
				5D84B64B2A7839240019266D /* FeedCollectionViewCell.xib */,
			);
			path = FeedsListCells;
			sourceTree = "<group>";
		};
		5D30D53B2A6E15CE0003DA1F /* Feed */ = {
			isa = PBXGroup;
			children = (
				5D30D53D2A6E167C0003DA1F /* FeedService.swift */,
				5D9C335C2A72C47F00CDFFD5 /* Parser.swift */,
				5D84B65C2A7943220019266D /* FeedURLDatabase.swift */,
				5D30D5392A6E158E0003DA1F /* Feed.swift */,
			);
			path = Feed;
			sourceTree = "<group>";
		};
		5D58835D2A888D0E008DD2EE /* FeedsListCollection */ = {
			isa = PBXGroup;
			children = (
				5D9B405A2A8856BB00F9724A /* FeedsListViewController.swift */,
				5D368EDD2A8856F40068E6F3 /* FeedsListViewController.xib */,
				5D4C15AC2A885C5C00FA1565 /* FeedsListViewModel.swift */,
				5D1B95642A7CEB0800AA63ED /* FeedsListCells */,
			);
			path = FeedsListCollection;
			sourceTree = "<group>";
		};
		5D58835E2A88903B008DD2EE /* FeedTable */ = {
			isa = PBXGroup;
			children = (
				5D992EC42A3D39250007EC2C /* FeedViewController.swift */,
				5D992ED42A3D398D0007EC2C /* FeedViewController.xib */,
				5D0811432A8BC755005D5821 /* FeedScreenState.swift */,
				5D5F40872A8852C400F84327 /* FeedViewModel.swift */,
				5D1B95632A7CEAF400AA63ED /* FeedCells */,
			);
			path = FeedTable;
			sourceTree = "<group>";
		};
		5D58835F2A889073008DD2EE /* AddFeed */ = {
			isa = PBXGroup;
			children = (
				5D1B95672A7F2C0100AA63ED /* AddFeedViewController.swift */,
				5D1B95652A7F2BFA00AA63ED /* AddFeedViewController.xib */,
				5D5F13FD2A88909B000F39AB /* AddFeedViewModel.swift */,
			);
			path = AddFeed;
			sourceTree = "<group>";
		};
		5D992EB42A3D39250007EC2C = {
			isa = PBXGroup;
			children = (
				5D992EBF2A3D39250007EC2C /* rss-reader */,
				5DF8527A2A86F0A500760527 /* rss-reader-tests */,
				5D992EBE2A3D39250007EC2C /* Products */,
			);
			sourceTree = "<group>";
		};
		5D992EBE2A3D39250007EC2C /* Products */ = {
			isa = PBXGroup;
			children = (
				5D992EBD2A3D39250007EC2C /* rss-reader.app */,
				5DF852792A86F0A500760527 /* rss-reader-tests.xctest */,
			);
			name = Products;
			sourceTree = "<group>";
		};
		5D992EBF2A3D39250007EC2C /* rss-reader */ = {
			isa = PBXGroup;
			children = (
				5D992EC02A3D39250007EC2C /* AppDelegate.swift */,
				5D992EC22A3D39250007EC2C /* SceneDelegate.swift */,
				5DD8603B2A8BBBBD005AF3FB /* Constants.swift */,
				5D9C335F2A74916900CDFFD5 /* MainScreen */,
				5D30D53B2A6E15CE0003DA1F /* Feed */,
				5D992EC92A3D39260007EC2C /* Assets.xcassets */,
				5D992ECB2A3D39260007EC2C /* LaunchScreen.storyboard */,
				5D992ECE2A3D39260007EC2C /* Info.plist */,
			);
			path = "rss-reader";
			sourceTree = "<group>";
		};
		5D9C335F2A74916900CDFFD5 /* MainScreen */ = {
			isa = PBXGroup;
			children = (
				5D58835E2A88903B008DD2EE /* FeedTable */,
				5D58835F2A889073008DD2EE /* AddFeed */,
			);
			path = MainScreen;
			sourceTree = "<group>";
		};
		5DF8527A2A86F0A500760527 /* rss-reader-tests */ = {
			isa = PBXGroup;
			children = (
				5D5C83E02A86F10400BB197D /* FeedURLDatabaseTest.swift */,
			);
			path = "rss-reader-tests";
			sourceTree = "<group>";
		};
/* End PBXGroup section */

/* Begin PBXNativeTarget section */
		5D992EBC2A3D39250007EC2C /* rss-reader */ = {
			isa = PBXNativeTarget;
			buildConfigurationList = 5D992ED12A3D39260007EC2C /* Build configuration list for PBXNativeTarget "rss-reader" */;
			buildPhases = (
				5D992EB92A3D39250007EC2C /* Sources */,
				5D992EBA2A3D39250007EC2C /* Frameworks */,
				5D992EBB2A3D39250007EC2C /* Resources */,
			);
			buildRules = (
			);
			dependencies = (
			);
			name = "rss-reader";
			packageProductDependencies = (
			);
			productName = "rss-reader";
			productReference = 5D992EBD2A3D39250007EC2C /* rss-reader.app */;
			productType = "com.apple.product-type.application";
		};
		5DF852782A86F0A500760527 /* rss-reader-tests */ = {
			isa = PBXNativeTarget;
			buildConfigurationList = 5DF8527F2A86F0A500760527 /* Build configuration list for PBXNativeTarget "rss-reader-tests" */;
			buildPhases = (
				5DF852752A86F0A500760527 /* Sources */,
				5DF852762A86F0A500760527 /* Frameworks */,
				5DF852772A86F0A500760527 /* Resources */,
			);
			buildRules = (
			);
			dependencies = (
				5DF8527E2A86F0A500760527 /* PBXTargetDependency */,
			);
			name = "rss-reader-tests";
			productName = "rss-reader-tests";
			productReference = 5DF852792A86F0A500760527 /* rss-reader-tests.xctest */;
			productType = "com.apple.product-type.bundle.unit-test";
		};
/* End PBXNativeTarget section */

/* Begin PBXProject section */
		5D992EB52A3D39250007EC2C /* Project object */ = {
			isa = PBXProject;
			attributes = {
				BuildIndependentTargetsInParallel = 1;
				LastSwiftUpdateCheck = 1500;
				LastUpgradeCheck = 1500;
				TargetAttributes = {
					5D992EBC2A3D39250007EC2C = {
						CreatedOnToolsVersion = 15.0;
					};
					5DF852782A86F0A500760527 = {
						CreatedOnToolsVersion = 15.0;
						LastSwiftMigration = 1500;
						TestTargetID = 5D992EBC2A3D39250007EC2C;
					};
				};
			};
			buildConfigurationList = 5D992EB82A3D39250007EC2C /* Build configuration list for PBXProject "rss-reader" */;
			compatibilityVersion = "Xcode 14.0";
			developmentRegion = en;
			hasScannedForEncodings = 0;
			knownRegions = (
				en,
				Base,
			);
			mainGroup = 5D992EB42A3D39250007EC2C;
			packageReferences = (
			);
			productRefGroup = 5D992EBE2A3D39250007EC2C /* Products */;
			projectDirPath = "";
			projectRoot = "";
			targets = (
				5D992EBC2A3D39250007EC2C /* rss-reader */,
				5DF852782A86F0A500760527 /* rss-reader-tests */,
			);
		};
/* End PBXProject section */

/* Begin PBXResourcesBuildPhase section */
		5D992EBB2A3D39250007EC2C /* Resources */ = {
			isa = PBXResourcesBuildPhase;
			buildActionMask = 2147483647;
			files = (
				5D8F738B2A573B4F00CF541C /* FeedEntryInfoTableViewCell.xib in Resources */,
				5D84B6482A78363C0019266D /* AddFeedCollectionViewCell.xib in Resources */,
				5D58835C2A885D7C008DD2EE /* FeedsListTableViewCell.xib in Resources */,
				5D992ECD2A3D39260007EC2C /* LaunchScreen.storyboard in Resources */,
				5D1B95662A7F2BFA00AA63ED /* AddFeedViewController.xib in Resources */,
				5D992ED52A3D398D0007EC2C /* FeedViewController.xib in Resources */,
				5D84B64C2A7839240019266D /* FeedCollectionViewCell.xib in Resources */,
				5D418FE92A8926D40000B658 /* TrashIconTableViewCell.xib in Resources */,
				5D368EDE2A8856F40068E6F3 /* FeedsListViewController.xib in Resources */,
				5D992ECA2A3D39260007EC2C /* Assets.xcassets in Resources */,
			);
			runOnlyForDeploymentPostprocessing = 0;
		};
		5DF852772A86F0A500760527 /* Resources */ = {
			isa = PBXResourcesBuildPhase;
			buildActionMask = 2147483647;
			files = (
			);
			runOnlyForDeploymentPostprocessing = 0;
		};
/* End PBXResourcesBuildPhase section */

/* Begin PBXSourcesBuildPhase section */
		5D992EB92A3D39250007EC2C /* Sources */ = {
			isa = PBXSourcesBuildPhase;
			buildActionMask = 2147483647;
			files = (
				5D1B95682A7F2C0100AA63ED /* AddFeedViewController.swift in Sources */,
				5DD8603C2A8BBBBD005AF3FB /* Constants.swift in Sources */,
				5D992EC52A3D39250007EC2C /* FeedViewController.swift in Sources */,
				5D5F40882A8852C400F84327 /* FeedViewModel.swift in Sources */,
				5D30D53A2A6E158E0003DA1F /* Feed.swift in Sources */,
				5D30D53E2A6E167C0003DA1F /* FeedService.swift in Sources */,
				5D0811442A8BC755005D5821 /* FeedScreenState.swift in Sources */,
				5D418FE82A8926D40000B658 /* TrashIconTableViewCell.swift in Sources */,
				5D9B405B2A8856BB00F9724A /* FeedsListViewController.swift in Sources */,
				5D992EC12A3D39250007EC2C /* AppDelegate.swift in Sources */,
				5D9C335D2A72C47F00CDFFD5 /* Parser.swift in Sources */,
				5D58835B2A885D7C008DD2EE /* FeedsListTableViewCell.swift in Sources */,
				5D84B64E2A78392F0019266D /* FeedCollectionViewCell.swift in Sources */,
				5D5F13FE2A88909C000F39AB /* AddFeedViewModel.swift in Sources */,
				5D84B65D2A7943220019266D /* FeedURLDatabase.swift in Sources */,
				5D4C15AD2A885C5C00FA1565 /* FeedsListViewModel.swift in Sources */,
				5D992EC32A3D39250007EC2C /* SceneDelegate.swift in Sources */,
				5D84B64A2A7836910019266D /* AddFeedCollectionViewCell.swift in Sources */,
				5D8F738D2A573BA600CF541C /* FeedEntryInfoTableViewCell.swift in Sources */,
			);
			runOnlyForDeploymentPostprocessing = 0;
		};
		5DF852752A86F0A500760527 /* Sources */ = {
			isa = PBXSourcesBuildPhase;
			buildActionMask = 2147483647;
			files = (
				5D5AE97D2A870C1F00A8FD96 /* FeedURLDatabase.swift in Sources */,
				5D5C83E12A86F10400BB197D /* FeedURLDatabaseTest.swift in Sources */,
			);
			runOnlyForDeploymentPostprocessing = 0;
		};
/* End PBXSourcesBuildPhase section */

/* Begin PBXTargetDependency section */
		5DF8527E2A86F0A500760527 /* PBXTargetDependency */ = {
			isa = PBXTargetDependency;
			target = 5D992EBC2A3D39250007EC2C /* rss-reader */;
			targetProxy = 5DF8527D2A86F0A500760527 /* PBXContainerItemProxy */;
		};
/* End PBXTargetDependency section */

/* Begin PBXVariantGroup section */
		5D992ECB2A3D39260007EC2C /* LaunchScreen.storyboard */ = {
			isa = PBXVariantGroup;
			children = (
				5D992ECC2A3D39260007EC2C /* Base */,
			);
			name = LaunchScreen.storyboard;
			sourceTree = "<group>";
		};
/* End PBXVariantGroup section */

/* Begin XCBuildConfiguration section */
		5D992ECF2A3D39260007EC2C /* Debug */ = {
			isa = XCBuildConfiguration;
			buildSettings = {
				ALWAYS_SEARCH_USER_PATHS = NO;
				ASSETCATALOG_COMPILER_GENERATE_SWIFT_ASSET_SYMBOL_EXTENSIONS = YES;
				CLANG_ANALYZER_NONNULL = YES;
				CLANG_ANALYZER_NUMBER_OBJECT_CONVERSION = YES_AGGRESSIVE;
				CLANG_CXX_LANGUAGE_STANDARD = "gnu++20";
				CLANG_ENABLE_MODULES = YES;
				CLANG_ENABLE_OBJC_ARC = YES;
				CLANG_ENABLE_OBJC_WEAK = YES;
				CLANG_WARN_BLOCK_CAPTURE_AUTORELEASING = YES;
				CLANG_WARN_BOOL_CONVERSION = YES;
				CLANG_WARN_COMMA = YES;
				CLANG_WARN_CONSTANT_CONVERSION = YES;
				CLANG_WARN_DEPRECATED_OBJC_IMPLEMENTATIONS = YES;
				CLANG_WARN_DIRECT_OBJC_ISA_USAGE = YES_ERROR;
				CLANG_WARN_DOCUMENTATION_COMMENTS = YES;
				CLANG_WARN_EMPTY_BODY = YES;
				CLANG_WARN_ENUM_CONVERSION = YES;
				CLANG_WARN_INFINITE_RECURSION = YES;
				CLANG_WARN_INT_CONVERSION = YES;
				CLANG_WARN_NON_LITERAL_NULL_CONVERSION = YES;
				CLANG_WARN_OBJC_IMPLICIT_RETAIN_SELF = YES;
				CLANG_WARN_OBJC_LITERAL_CONVERSION = YES;
				CLANG_WARN_OBJC_ROOT_CLASS = YES_ERROR;
				CLANG_WARN_QUOTED_INCLUDE_IN_FRAMEWORK_HEADER = YES;
				CLANG_WARN_RANGE_LOOP_ANALYSIS = YES;
				CLANG_WARN_STRICT_PROTOTYPES = YES;
				CLANG_WARN_SUSPICIOUS_MOVE = YES;
				CLANG_WARN_UNGUARDED_AVAILABILITY = YES_AGGRESSIVE;
				CLANG_WARN_UNREACHABLE_CODE = YES;
				CLANG_WARN__DUPLICATE_METHOD_MATCH = YES;
				COPY_PHASE_STRIP = NO;
				DEBUG_INFORMATION_FORMAT = dwarf;
				ENABLE_STRICT_OBJC_MSGSEND = YES;
				ENABLE_TESTABILITY = YES;
				ENABLE_USER_SCRIPT_SANDBOXING = YES;
				GCC_C_LANGUAGE_STANDARD = gnu17;
				GCC_DYNAMIC_NO_PIC = NO;
				GCC_NO_COMMON_BLOCKS = YES;
				GCC_OPTIMIZATION_LEVEL = 0;
				GCC_PREPROCESSOR_DEFINITIONS = (
					"DEBUG=1",
					"$(inherited)",
				);
				GCC_WARN_64_TO_32_BIT_CONVERSION = YES;
				GCC_WARN_ABOUT_RETURN_TYPE = YES_ERROR;
				GCC_WARN_UNDECLARED_SELECTOR = YES;
				GCC_WARN_UNINITIALIZED_AUTOS = YES_AGGRESSIVE;
				GCC_WARN_UNUSED_FUNCTION = YES;
				GCC_WARN_UNUSED_VARIABLE = YES;
				IPHONEOS_DEPLOYMENT_TARGET = 17.0;
				LOCALIZATION_PREFERS_STRING_CATALOGS = YES;
				MTL_ENABLE_DEBUG_INFO = INCLUDE_SOURCE;
				MTL_FAST_MATH = YES;
				ONLY_ACTIVE_ARCH = YES;
				SDKROOT = iphoneos;
				SWIFT_ACTIVE_COMPILATION_CONDITIONS = "DEBUG $(inherited)";
				SWIFT_OPTIMIZATION_LEVEL = "-Onone";
			};
			name = Debug;
		};
		5D992ED02A3D39260007EC2C /* Release */ = {
			isa = XCBuildConfiguration;
			buildSettings = {
				ALWAYS_SEARCH_USER_PATHS = NO;
				ASSETCATALOG_COMPILER_GENERATE_SWIFT_ASSET_SYMBOL_EXTENSIONS = YES;
				CLANG_ANALYZER_NONNULL = YES;
				CLANG_ANALYZER_NUMBER_OBJECT_CONVERSION = YES_AGGRESSIVE;
				CLANG_CXX_LANGUAGE_STANDARD = "gnu++20";
				CLANG_ENABLE_MODULES = YES;
				CLANG_ENABLE_OBJC_ARC = YES;
				CLANG_ENABLE_OBJC_WEAK = YES;
				CLANG_WARN_BLOCK_CAPTURE_AUTORELEASING = YES;
				CLANG_WARN_BOOL_CONVERSION = YES;
				CLANG_WARN_COMMA = YES;
				CLANG_WARN_CONSTANT_CONVERSION = YES;
				CLANG_WARN_DEPRECATED_OBJC_IMPLEMENTATIONS = YES;
				CLANG_WARN_DIRECT_OBJC_ISA_USAGE = YES_ERROR;
				CLANG_WARN_DOCUMENTATION_COMMENTS = YES;
				CLANG_WARN_EMPTY_BODY = YES;
				CLANG_WARN_ENUM_CONVERSION = YES;
				CLANG_WARN_INFINITE_RECURSION = YES;
				CLANG_WARN_INT_CONVERSION = YES;
				CLANG_WARN_NON_LITERAL_NULL_CONVERSION = YES;
				CLANG_WARN_OBJC_IMPLICIT_RETAIN_SELF = YES;
				CLANG_WARN_OBJC_LITERAL_CONVERSION = YES;
				CLANG_WARN_OBJC_ROOT_CLASS = YES_ERROR;
				CLANG_WARN_QUOTED_INCLUDE_IN_FRAMEWORK_HEADER = YES;
				CLANG_WARN_RANGE_LOOP_ANALYSIS = YES;
				CLANG_WARN_STRICT_PROTOTYPES = YES;
				CLANG_WARN_SUSPICIOUS_MOVE = YES;
				CLANG_WARN_UNGUARDED_AVAILABILITY = YES_AGGRESSIVE;
				CLANG_WARN_UNREACHABLE_CODE = YES;
				CLANG_WARN__DUPLICATE_METHOD_MATCH = YES;
				COPY_PHASE_STRIP = NO;
				DEBUG_INFORMATION_FORMAT = "dwarf-with-dsym";
				ENABLE_NS_ASSERTIONS = NO;
				ENABLE_STRICT_OBJC_MSGSEND = YES;
				ENABLE_USER_SCRIPT_SANDBOXING = YES;
				GCC_C_LANGUAGE_STANDARD = gnu17;
				GCC_NO_COMMON_BLOCKS = YES;
				GCC_WARN_64_TO_32_BIT_CONVERSION = YES;
				GCC_WARN_ABOUT_RETURN_TYPE = YES_ERROR;
				GCC_WARN_UNDECLARED_SELECTOR = YES;
				GCC_WARN_UNINITIALIZED_AUTOS = YES_AGGRESSIVE;
				GCC_WARN_UNUSED_FUNCTION = YES;
				GCC_WARN_UNUSED_VARIABLE = YES;
				IPHONEOS_DEPLOYMENT_TARGET = 17.0;
				LOCALIZATION_PREFERS_STRING_CATALOGS = YES;
				MTL_ENABLE_DEBUG_INFO = NO;
				MTL_FAST_MATH = YES;
				SDKROOT = iphoneos;
				SWIFT_COMPILATION_MODE = wholemodule;
				VALIDATE_PRODUCT = YES;
			};
			name = Release;
		};
		5D992ED22A3D39260007EC2C /* Debug */ = {
			isa = XCBuildConfiguration;
			buildSettings = {
				ASSETCATALOG_COMPILER_APPICON_NAME = AppIcon;
				ASSETCATALOG_COMPILER_GLOBAL_ACCENT_COLOR_NAME = AccentColor;
				CODE_SIGN_STYLE = Automatic;
				CURRENT_PROJECT_VERSION = 1;
				DEVELOPMENT_TEAM = B74GGX94X2;
				GENERATE_INFOPLIST_FILE = YES;
				INFOPLIST_FILE = "rss-reader/Info.plist";
				INFOPLIST_KEY_UIApplicationSupportsIndirectInputEvents = YES;
				INFOPLIST_KEY_UILaunchStoryboardName = LaunchScreen;
				INFOPLIST_KEY_UISupportedInterfaceOrientations_iPad = "UIInterfaceOrientationPortrait UIInterfaceOrientationPortraitUpsideDown UIInterfaceOrientationLandscapeLeft UIInterfaceOrientationLandscapeRight";
				INFOPLIST_KEY_UISupportedInterfaceOrientations_iPhone = "UIInterfaceOrientationPortrait UIInterfaceOrientationLandscapeLeft UIInterfaceOrientationLandscapeRight";
				LD_RUNPATH_SEARCH_PATHS = (
					"$(inherited)",
					"@executable_path/Frameworks",
				);
				MARKETING_VERSION = 1.0;
				PRODUCT_BUNDLE_IDENTIFIER = "com.heheilik.rss-reader";
				PRODUCT_NAME = "$(TARGET_NAME)";
				SWIFT_EMIT_LOC_STRINGS = YES;
				SWIFT_VERSION = 5.0;
				TARGETED_DEVICE_FAMILY = "1,2";
			};
			name = Debug;
		};
		5D992ED32A3D39260007EC2C /* Release */ = {
			isa = XCBuildConfiguration;
			buildSettings = {
				ASSETCATALOG_COMPILER_APPICON_NAME = AppIcon;
				ASSETCATALOG_COMPILER_GLOBAL_ACCENT_COLOR_NAME = AccentColor;
				CODE_SIGN_STYLE = Automatic;
				CURRENT_PROJECT_VERSION = 1;
				DEVELOPMENT_TEAM = B74GGX94X2;
				GENERATE_INFOPLIST_FILE = YES;
				INFOPLIST_FILE = "rss-reader/Info.plist";
				INFOPLIST_KEY_UIApplicationSupportsIndirectInputEvents = YES;
				INFOPLIST_KEY_UILaunchStoryboardName = LaunchScreen;
				INFOPLIST_KEY_UISupportedInterfaceOrientations_iPad = "UIInterfaceOrientationPortrait UIInterfaceOrientationPortraitUpsideDown UIInterfaceOrientationLandscapeLeft UIInterfaceOrientationLandscapeRight";
				INFOPLIST_KEY_UISupportedInterfaceOrientations_iPhone = "UIInterfaceOrientationPortrait UIInterfaceOrientationLandscapeLeft UIInterfaceOrientationLandscapeRight";
				LD_RUNPATH_SEARCH_PATHS = (
					"$(inherited)",
					"@executable_path/Frameworks",
				);
				MARKETING_VERSION = 1.0;
				PRODUCT_BUNDLE_IDENTIFIER = "com.heheilik.rss-reader";
				PRODUCT_NAME = "$(TARGET_NAME)";
				SWIFT_EMIT_LOC_STRINGS = YES;
				SWIFT_VERSION = 5.0;
				TARGETED_DEVICE_FAMILY = "1,2";
			};
			name = Release;
		};
		5DF852802A86F0A500760527 /* Debug */ = {
			isa = XCBuildConfiguration;
			buildSettings = {
				BUNDLE_LOADER = "$(TEST_HOST)";
				CLANG_ENABLE_MODULES = YES;
				CODE_SIGN_STYLE = Automatic;
				CURRENT_PROJECT_VERSION = 1;
				DEVELOPMENT_TEAM = B74GGX94X2;
				GENERATE_INFOPLIST_FILE = YES;
				MARKETING_VERSION = 1.0;
				PRODUCT_BUNDLE_IDENTIFIER = "com.heheilik.rss-reader-tests";
				PRODUCT_NAME = "$(TARGET_NAME)";
				SWIFT_EMIT_LOC_STRINGS = NO;
				SWIFT_OPTIMIZATION_LEVEL = "-Onone";
				SWIFT_VERSION = 5.0;
				TARGETED_DEVICE_FAMILY = "1,2";
				TEST_HOST = "$(BUILT_PRODUCTS_DIR)/rss-reader.app/$(BUNDLE_EXECUTABLE_FOLDER_PATH)/rss-reader";
			};
			name = Debug;
		};
		5DF852812A86F0A500760527 /* Release */ = {
			isa = XCBuildConfiguration;
			buildSettings = {
				BUNDLE_LOADER = "$(TEST_HOST)";
				CLANG_ENABLE_MODULES = YES;
				CODE_SIGN_STYLE = Automatic;
				CURRENT_PROJECT_VERSION = 1;
				DEVELOPMENT_TEAM = B74GGX94X2;
				GENERATE_INFOPLIST_FILE = YES;
				MARKETING_VERSION = 1.0;
				PRODUCT_BUNDLE_IDENTIFIER = "com.heheilik.rss-reader-tests";
				PRODUCT_NAME = "$(TARGET_NAME)";
				SWIFT_EMIT_LOC_STRINGS = NO;
				SWIFT_VERSION = 5.0;
				TARGETED_DEVICE_FAMILY = "1,2";
				TEST_HOST = "$(BUILT_PRODUCTS_DIR)/rss-reader.app/$(BUNDLE_EXECUTABLE_FOLDER_PATH)/rss-reader";
			};
			name = Release;
		};
/* End XCBuildConfiguration section */

/* Begin XCConfigurationList section */
		5D992EB82A3D39250007EC2C /* Build configuration list for PBXProject "rss-reader" */ = {
			isa = XCConfigurationList;
			buildConfigurations = (
				5D992ECF2A3D39260007EC2C /* Debug */,
				5D992ED02A3D39260007EC2C /* Release */,
			);
			defaultConfigurationIsVisible = 0;
			defaultConfigurationName = Release;
		};
		5D992ED12A3D39260007EC2C /* Build configuration list for PBXNativeTarget "rss-reader" */ = {
			isa = XCConfigurationList;
			buildConfigurations = (
				5D992ED22A3D39260007EC2C /* Debug */,
				5D992ED32A3D39260007EC2C /* Release */,
			);
			defaultConfigurationIsVisible = 0;
			defaultConfigurationName = Release;
		};
		5DF8527F2A86F0A500760527 /* Build configuration list for PBXNativeTarget "rss-reader-tests" */ = {
			isa = XCConfigurationList;
			buildConfigurations = (
				5DF852802A86F0A500760527 /* Debug */,
				5DF852812A86F0A500760527 /* Release */,
			);
			defaultConfigurationIsVisible = 0;
			defaultConfigurationName = Release;
		};
/* End XCConfigurationList section */
	};
	rootObject = 5D992EB52A3D39250007EC2C /* Project object */;
}
